# This file is automatically @generated by Cargo.
# It is not intended for manual editing.
version = 3

[[package]]
name = "byteorder"
version = "1.4.3"
source = "registry+https://github.com/rust-lang/crates.io-index"
checksum = "14c189c53d098945499cdfa7ecc63567cf3886b3332b312a5b4585d8d3a6a610"

[[package]]
name = "termstorage-client"
version = "0.1.0"
dependencies = [
 "termstorage-encoding",
 "termstorage-protocol",
]

[[package]]
name = "termstorage-encoding"
version = "0.1.0"

[[package]]
name = "termstorage-protocol"
version = "0.1.0"
dependencies = [
 "byteorder",
 "termstorage-encoding",
 "termstorage-term",
]

[[package]]
name = "termstorage-server"
version = "0.1.0"
dependencies = [
 "termstorage-client",
 "termstorage-encoding",
 "termstorage-protocol",
 "termstorage-term",
]

[[package]]
name = "termstorage-term"
version = "0.1.0"
dependencies = [
 "byteorder",
 "termstorage-encoding",
]
